apiVersion: vendir.k14s.io/v1alpha1
directories:
- contents:
  - git:
      commitTitle: 'fix: disable httproute by default (#1346)...'
      sha: 5774a6a80aaa0fc1074e41eff4fa0afe4d39dff1
      tags:
      - kyverno-playground-chart-v0.10.5
    path: .
  path: helm/kyverno-playground/charts/kyverno-playground
kind: LockConfig
